
Microsoft Visual Studio Solution File, Format Version 12.00
# Visual Studio Version 17
VisualStudioVersion = 17.5.002.0
MinimumVisualStudioVersion = 10.0.40219.1
Project("{2150E333-8FDC-42A3-9474-1A3956D46DE8}") = "Labfiles", "Labfiles", "{CADB352E-7E66-4EDE-8883-559837ABC721}"
EndProject
Project("{2150E333-8FDC-42A3-9474-1A3956D46DE8}") = "01-analyze-text", "01-analyze-text", "{AFFB6F78-D068-445E-9BEB-7EFCA7230273}"
EndProject
Project("{2150E333-8FDC-42A3-9474-1A3956D46DE8}") = "C-Sharp", "C-Sharp", "{30C4058C-7DBE-4889-8E0E-03E1A62E7F22}"
EndProject
Project("{9A19103F-16F7-4668-BE54-9A1E7A4F7556}") = "text-analysis", "Labfiles\01-analyze-text\C-Sharp\text-analysis\text-analysis.csproj", "{4D20469E-CECF-4B36-9468-24FDE3BD7E08}"
EndProject
Project("{2150E333-8FDC-42A3-9474-1A3956D46DE8}") = "02-qna", "02-qna", "{5AC0A4A2-20B1-4C07-9A5C-A2E9588DEDFF}"
EndProject
Project("{2150E333-8FDC-42A3-9474-1A3956D46DE8}") = "C-Sharp", "C-Sharp", "{A5BC140C-316D-4C41-ABD6-6B08555313DF}"
EndProject
Project("{9A19103F-16F7-4668-BE54-9A1E7A4F7556}") = "qna-app", "Labfiles\02-qna\C-Sharp\qna-app\qna-app.csproj", "{8D4BE1E0-ECC2-4722-A70D-730B11EA9146}"
EndProject
Project("{2150E333-8FDC-42A3-9474-1A3956D46DE8}") = "03-language", "03-language", "{B3FA31D6-C458-428F-B126-B09C17EF5D62}"
EndProject
Project("{2150E333-8FDC-42A3-9474-1A3956D46DE8}") = "C-Sharp", "C-Sharp", "{B6A3D446-1643-4754-A9DA-086E43C0AC4E}"
EndProject
Project("{9A19103F-16F7-4668-BE54-9A1E7A4F7556}") = "clock_client", "Labfiles\03-language\C-Sharp\clock-client\clock_client.csproj", "{6834CD6D-64DD-45C6-848E-08DE983A4D8D}"
EndProject
Project("{2150E333-8FDC-42A3-9474-1A3956D46DE8}") = "04-text-classification", "04-text-classification", "{86FD7F0B-45E1-4FAE-ACE9-B8119D3537E9}"
EndProject
Project("{2150E333-8FDC-42A3-9474-1A3956D46DE8}") = "C-Sharp", "C-Sharp", "{508F807D-97F9-4884-8ADC-4E543BC37592}"
EndProject
Project("{9A19103F-16F7-4668-BE54-9A1E7A4F7556}") = "classify-text", "Labfiles\04-text-classification\C-Sharp\classify-text\classify-text.csproj", "{CA01A99F-8C08-422B-8D9D-A7301AC3DA0D}"
EndProject
Project("{2150E333-8FDC-42A3-9474-1A3956D46DE8}") = "05-custom-entity-recognition", "05-custom-entity-recognition", "{73FDCE3C-130E-4BDD-98C5-5C8FB7316018}"
EndProject
Project("{2150E333-8FDC-42A3-9474-1A3956D46DE8}") = "C-Sharp", "C-Sharp", "{0BF40992-83D1-4A37-B8F7-971A74E6FB3E}"
EndProject
Project("{9A19103F-16F7-4668-BE54-9A1E7A4F7556}") = "custom-entities", "Labfiles\05-custom-entity-recognition\C-Sharp\custom-entities\custom-entities.csproj", "{470BB4C4-07E7-4F9B-A9E8-B8B3FDE934C3}"
EndProject
Project("{2150E333-8FDC-42A3-9474-1A3956D46DE8}") = "06-translate-text", "06-translate-text", "{BD246804-54FB-4926-B693-A31BF70EB118}"
EndProject
Project("{2150E333-8FDC-42A3-9474-1A3956D46DE8}") = "C-Sharp", "C-Sharp", "{DEBCAD35-726C-4068-B6CA-6492598A7D48}"
EndProject
Project("{9A19103F-16F7-4668-BE54-9A1E7A4F7556}") = "translate_text", "Labfiles\06-translate-text\C-Sharp\text-translation\translate_text.csproj", "{B2C17F69-72B2-4A5D-B22F-2171A8239724}"
EndProject
Project("{2150E333-8FDC-42A3-9474-1A3956D46DE8}") = "06b-translator-sdk", "06b-translator-sdk", "{3BACED0D-98BC-4FC8-9D89-8D6649B87D13}"
EndProject
Project("{2150E333-8FDC-42A3-9474-1A3956D46DE8}") = "C-Sharp", "C-Sharp", "{2AD39A38-4941-4C83-A2E8-F6B1578682A7}"
EndProject
Project("{9A19103F-16F7-4668-BE54-9A1E7A4F7556}") = "translate_text", "Labfiles\06b-translator-sdk\C-Sharp\translate-text\translate_text.csproj", "{BFE2257A-E013-4E78-8ED2-E1EE7013368B}"
EndProject
Project("{2150E333-8FDC-42A3-9474-1A3956D46DE8}") = "07-speech", "07-speech", "{55F45966-5270-45D8-8F00-19E4FE43BC76}"
EndProject
Project("{2150E333-8FDC-42A3-9474-1A3956D46DE8}") = "C-Sharp", "C-Sharp", "{74B8B59D-E95B-452C-8D09-14C0CE780686}"
EndProject
Project("{9A19103F-16F7-4668-BE54-9A1E7A4F7556}") = "speaking-clock", "Labfiles\07-speech\C-Sharp\speaking-clock\speaking-clock.csproj", "{6BF280AA-1643-45D7-82DE-38A85E4BED89}"
EndProject
Project("{2150E333-8FDC-42A3-9474-1A3956D46DE8}") = "08-speech-translation", "08-speech-translation", "{94224316-5F0A-44D9-9499-7E5443D3F9AD}"
EndProject
Project("{2150E333-8FDC-42A3-9474-1A3956D46DE8}") = "C-Sharp", "C-Sharp", "{08BA53DA-C29C-4468-8BA3-0DDC4A7C5F5B}"
EndProject
Project("{9A19103F-16F7-4668-BE54-9A1E7A4F7556}") = "translator", "Labfiles\08-speech-translation\C-Sharp\translator\translator.csproj", "{CC368D08-2732-4CC0-90D5-B8A854132FD8}"
EndProject
Global
	GlobalSection(SolutionConfigurationPlatforms) = preSolution
		Debug|Any CPU = Debug|Any CPU
		Release|Any CPU = Release|Any CPU
	EndGlobalSection
	GlobalSection(ProjectConfigurationPlatforms) = postSolution
		{4D20469E-CECF-4B36-9468-24FDE3BD7E08}.Debug|Any CPU.ActiveCfg = Debug|Any CPU
		{4D20469E-CECF-4B36-9468-24FDE3BD7E08}.Debug|Any CPU.Build.0 = Debug|Any CPU
		{4D20469E-CECF-4B36-9468-24FDE3BD7E08}.Release|Any CPU.ActiveCfg = Release|Any CPU
		{4D20469E-CECF-4B36-9468-24FDE3BD7E08}.Release|Any CPU.Build.0 = Release|Any CPU
		{8D4BE1E0-ECC2-4722-A70D-730B11EA9146}.Debug|Any CPU.ActiveCfg = Debug|Any CPU
		{8D4BE1E0-ECC2-4722-A70D-730B11EA9146}.Debug|Any CPU.Build.0 = Debug|Any CPU
		{8D4BE1E0-ECC2-4722-A70D-730B11EA9146}.Release|Any CPU.ActiveCfg = Release|Any CPU
		{8D4BE1E0-ECC2-4722-A70D-730B11EA9146}.Release|Any CPU.Build.0 = Release|Any CPU
		{6834CD6D-64DD-45C6-848E-08DE983A4D8D}.Debug|Any CPU.ActiveCfg = Debug|Any CPU
		{6834CD6D-64DD-45C6-848E-08DE983A4D8D}.Debug|Any CPU.Build.0 = Debug|Any CPU
		{6834CD6D-64DD-45C6-848E-08DE983A4D8D}.Release|Any CPU.ActiveCfg = Release|Any CPU
		{6834CD6D-64DD-45C6-848E-08DE983A4D8D}.Release|Any CPU.Build.0 = Release|Any CPU
		{CA01A99F-8C08-422B-8D9D-A7301AC3DA0D}.Debug|Any CPU.ActiveCfg = Debug|Any CPU
		{CA01A99F-8C08-422B-8D9D-A7301AC3DA0D}.Debug|Any CPU.Build.0 = Debug|Any CPU
		{CA01A99F-8C08-422B-8D9D-A7301AC3DA0D}.Release|Any CPU.ActiveCfg = Release|Any CPU
		{CA01A99F-8C08-422B-8D9D-A7301AC3DA0D}.Release|Any CPU.Build.0 = Release|Any CPU
		{470BB4C4-07E7-4F9B-A9E8-B8B3FDE934C3}.Debug|Any CPU.ActiveCfg = Debug|Any CPU
		{470BB4C4-07E7-4F9B-A9E8-B8B3FDE934C3}.Debug|Any CPU.Build.0 = Debug|Any CPU
		{470BB4C4-07E7-4F9B-A9E8-B8B3FDE934C3}.Release|Any CPU.ActiveCfg = Release|Any CPU
		{470BB4C4-07E7-4F9B-A9E8-B8B3FDE934C3}.Release|Any CPU.Build.0 = Release|Any CPU
		{B2C17F69-72B2-4A5D-B22F-2171A8239724}.Debug|Any CPU.ActiveCfg = Debug|Any CPU
		{B2C17F69-72B2-4A5D-B22F-2171A8239724}.Debug|Any CPU.Build.0 = Debug|Any CPU
		{B2C17F69-72B2-4A5D-B22F-2171A8239724}.Release|Any CPU.ActiveCfg = Release|Any CPU
		{B2C17F69-72B2-4A5D-B22F-2171A8239724}.Release|Any CPU.Build.0 = Release|Any CPU
		{BFE2257A-E013-4E78-8ED2-E1EE7013368B}.Debug|Any CPU.ActiveCfg = Debug|Any CPU
		{BFE2257A-E013-4E78-8ED2-E1EE7013368B}.Debug|Any CPU.Build.0 = Debug|Any CPU
		{BFE2257A-E013-4E78-8ED2-E1EE7013368B}.Release|Any CPU.ActiveCfg = Release|Any CPU
		{BFE2257A-E013-4E78-8ED2-E1EE7013368B}.Release|Any CPU.Build.0 = Release|Any CPU
		{6BF280AA-1643-45D7-82DE-38A85E4BED89}.Debug|Any CPU.ActiveCfg = Debug|Any CPU
		{6BF280AA-1643-45D7-82DE-38A85E4BED89}.Debug|Any CPU.Build.0 = Debug|Any CPU
		{6BF280AA-1643-45D7-82DE-38A85E4BED89}.Release|Any CPU.ActiveCfg = Release|Any CPU
		{6BF280AA-1643-45D7-82DE-38A85E4BED89}.Release|Any CPU.Build.0 = Release|Any CPU
		{CC368D08-2732-4CC0-90D5-B8A854132FD8}.Debug|Any CPU.ActiveCfg = Debug|Any CPU
		{CC368D08-2732-4CC0-90D5-B8A854132FD8}.Debug|Any CPU.Build.0 = Debug|Any CPU
		{CC368D08-2732-4CC0-90D5-B8A854132FD8}.Release|Any CPU.ActiveCfg = Release|Any CPU
		{CC368D08-2732-4CC0-90D5-B8A854132FD8}.Release|Any CPU.Build.0 = Release|Any CPU
	EndGlobalSection
	GlobalSection(SolutionProperties) = preSolution
		HideSolutionNode = FALSE
	EndGlobalSection
	GlobalSection(NestedProjects) = preSolution
		{AFFB6F78-D068-445E-9BEB-7EFCA7230273} = {CADB352E-7E66-4EDE-8883-559837ABC721}
		{30C4058C-7DBE-4889-8E0E-03E1A62E7F22} = {AFFB6F78-D068-445E-9BEB-7EFCA7230273}
		{4D20469E-CECF-4B36-9468-24FDE3BD7E08} = {30C4058C-7DBE-4889-8E0E-03E1A62E7F22}
		{5AC0A4A2-20B1-4C07-9A5C-A2E9588DEDFF} = {CADB352E-7E66-4EDE-8883-559837ABC721}
		{A5BC140C-316D-4C41-ABD6-6B08555313DF} = {5AC0A4A2-20B1-4C07-9A5C-A2E9588DEDFF}
		{8D4BE1E0-ECC2-4722-A70D-730B11EA9146} = {A5BC140C-316D-4C41-ABD6-6B08555313DF}
		{B3FA31D6-C458-428F-B126-B09C17EF5D62} = {CADB352E-7E66-4EDE-8883-559837ABC721}
		{B6A3D446-1643-4754-A9DA-086E43C0AC4E} = {B3FA31D6-C458-428F-B126-B09C17EF5D62}
		{6834CD6D-64DD-45C6-848E-08DE983A4D8D} = {B6A3D446-1643-4754-A9DA-086E43C0AC4E}
		{86FD7F0B-45E1-4FAE-ACE9-B8119D3537E9} = {CADB352E-7E66-4EDE-8883-559837ABC721}
		{508F807D-97F9-4884-8ADC-4E543BC37592} = {86FD7F0B-45E1-4FAE-ACE9-B8119D3537E9}
		{CA01A99F-8C08-422B-8D9D-A7301AC3DA0D} = {508F807D-97F9-4884-8ADC-4E543BC37592}
		{73FDCE3C-130E-4BDD-98C5-5C8FB7316018} = {CADB352E-7E66-4EDE-8883-559837ABC721}
		{0BF40992-83D1-4A37-B8F7-971A74E6FB3E} = {73FDCE3C-130E-4BDD-98C5-5C8FB7316018}
		{470BB4C4-07E7-4F9B-A9E8-B8B3FDE934C3} = {0BF40992-83D1-4A37-B8F7-971A74E6FB3E}
		{BD246804-54FB-4926-B693-A31BF70EB118} = {CADB352E-7E66-4EDE-8883-559837ABC721}
		{DEBCAD35-726C-4068-B6CA-6492598A7D48} = {BD246804-54FB-4926-B693-A31BF70EB118}
		{B2C17F69-72B2-4A5D-B22F-2171A8239724} = {DEBCAD35-726C-4068-B6CA-6492598A7D48}
		{3BACED0D-98BC-4FC8-9D89-8D6649B87D13} = {CADB352E-7E66-4EDE-8883-559837ABC721}
		{2AD39A38-4941-4C83-A2E8-F6B1578682A7} = {3BACED0D-98BC-4FC8-9D89-8D6649B87D13}
		{BFE2257A-E013-4E78-8ED2-E1EE7013368B} = {2AD39A38-4941-4C83-A2E8-F6B1578682A7}
		{55F45966-5270-45D8-8F00-19E4FE43BC76} = {CADB352E-7E66-4EDE-8883-559837ABC721}
		{74B8B59D-E95B-452C-8D09-14C0CE780686} = {55F45966-5270-45D8-8F00-19E4FE43BC76}
		{6BF280AA-1643-45D7-82DE-38A85E4BED89} = {74B8B59D-E95B-452C-8D09-14C0CE780686}
		{94224316-5F0A-44D9-9499-7E5443D3F9AD} = {CADB352E-7E66-4EDE-8883-559837ABC721}
		{08BA53DA-C29C-4468-8BA3-0DDC4A7C5F5B} = {94224316-5F0A-44D9-9499-7E5443D3F9AD}
		{CC368D08-2732-4CC0-90D5-B8A854132FD8} = {08BA53DA-C29C-4468-8BA3-0DDC4A7C5F5B}
	EndGlobalSection
	GlobalSection(ExtensibilityGlobals) = postSolution
		SolutionGuid = {8025D6A9-0C8F-4D24-B399-86BC7CB28F08}
	EndGlobalSection
EndGlobal
